{
  "nodes": {
    "astroNvim": {
      "flake": false,
      "locked": {
        "lastModified": 1702659104,
        "narHash": "sha256-h019vKDgaOk0VL+bnAPOUoAL8VAkhY6MGDbqEy+uAKg=",
        "owner": "AstroNvim",
        "repo": "AstroNvim",
        "rev": "271c9c3f71c2e315cb16c31276dec81ddca6a5a6",
        "type": "github"
      },
      "original": {
        "owner": "AstroNvim",
        "repo": "AstroNvim",
        "type": "github"
      }
    },
    "disko": {
      "inputs": {
        "nixpkgs": [
          "nixpkgs"
        ]
      },
      "locked": {
        "lastModified": 1703162528,
        "narHash": "sha256-pQ41wN6JlStkZOhRTIHEpuwVywLdh+xzZQW1+FzdjVs=",
        "owner": "nix-community",
        "repo": "disko",
        "rev": "a050895e4eb06e0738680021a701ea05dc8dbfc9",
        "type": "github"
      },
      "original": {
        "owner": "nix-community",
        "repo": "disko",
        "type": "github"
      }
    },
    "fenix": {
      "inputs": {
        "nixpkgs": [
          "nixpkgs"
        ],
        "rust-analyzer-src": "rust-analyzer-src"
      },
      "locked": {
        "lastModified": 1702707666,
        "narHash": "sha256-I8qF/ZdzXcgkKz+BcgQKFgTlcQmAM5wkoYaLJR+N17U=",
        "owner": "nix-community",
        "repo": "fenix",
        "rev": "8001e62f21df863304287c63f01fcc0c24c91816",
        "type": "github"
      },
      "original": {
        "owner": "nix-community",
        "repo": "fenix",
        "type": "github"
      }
    },
    "flake-compat": {
      "locked": {
        "lastModified": 1696426674,
        "narHash": "sha256-kvjfFW7WAETZlt09AgDn1MrtKzP7t90Vf7vypd3OL1U=",
        "owner": "edolstra",
        "repo": "flake-compat",
        "rev": "0f9255e01c2351cc7d116c072cb317785dd33b33",
        "type": "github"
      },
      "original": {
        "owner": "edolstra",
        "repo": "flake-compat",
        "type": "github"
      }
    },
    "flake-utils": {
      "inputs": {
        "systems": "systems"
      },
      "locked": {
        "lastModified": 1701680307,
        "narHash": "sha256-kAuep2h5ajznlPMD9rnQyffWG8EM/C73lejGofXvdM8=",
        "owner": "numtide",
        "repo": "flake-utils",
        "rev": "4022d587cbbfd70fe950c1e2083a02621806a725",
        "type": "github"
      },
      "original": {
        "owner": "numtide",
        "repo": "flake-utils",
        "type": "github"
      }
    },
    "home-manager": {
      "inputs": {
        "nixpkgs": [
          "nixpkgs"
        ]
      },
      "locked": {
        "lastModified": 1702676849,
        "narHash": "sha256-XqcREaTS38/QOsN8fk8PP325/UXHyF9enbP5ZPw5aiA=",
        "owner": "nix-community",
        "repo": "home-manager",
        "rev": "aa99c2f4e9847cbb7e46fac0844ea1eb164b3b3a",
        "type": "github"
      },
      "original": {
        "owner": "nix-community",
        "ref": "release-23.11",
        "repo": "home-manager",
        "type": "github"
      }
    },
    "nix-alien": {
      "inputs": {
        "flake-compat": "flake-compat",
        "flake-utils": "flake-utils",
        "nix-filter": "nix-filter",
        "nix-index-database": "nix-index-database",
        "nixpkgs": [
          "nix-alien",
          "nix-index-database",
          "nixpkgs"
        ]
      },
      "locked": {
        "lastModified": 1702639936,
        "narHash": "sha256-Fz5KsFVXB1xu2J4Hmr514vK3eir16/z1Mrv60HjzFtA=",
        "owner": "thiagokokada",
        "repo": "nix-alien",
        "rev": "7d36757ddef3c2fb1805126e0da9abc9d88060f8",
        "type": "github"
      },
      "original": {
        "owner": "thiagokokada",
        "repo": "nix-alien",
        "type": "github"
      }
    },
    "nix-filter": {
      "locked": {
        "lastModified": 1701697642,
        "narHash": "sha256-L217WytWZHSY8GW9Gx1A64OnNctbuDbfslaTEofXXRw=",
        "owner": "numtide",
        "repo": "nix-filter",
        "rev": "c843418ecfd0344ecb85844b082ff5675e02c443",
        "type": "github"
      },
      "original": {
        "owner": "numtide",
        "repo": "nix-filter",
        "type": "github"
      }
    },
    "nix-index-database": {
      "inputs": {
        "nixpkgs": "nixpkgs"
      },
      "locked": {
        "lastModified": 1702291765,
        "narHash": "sha256-kfxavgLKPIZdYVPUPcoDZyr5lleymrqbr5G9PVfQ2NY=",
        "owner": "Mic92",
        "repo": "nix-index-database",
        "rev": "45d82e0a8b9dd6c5dd9da835ac0c072239af7785",
        "type": "github"
      },
      "original": {
        "owner": "Mic92",
        "repo": "nix-index-database",
        "type": "github"
      }
    },
    "nixpkgs": {
      "locked": {
        "lastModified": 1701718080,
        "narHash": "sha256-6ovz0pG76dE0P170pmmZex1wWcQoeiomUZGggfH9XPs=",
        "owner": "nixos",
        "repo": "nixpkgs",
        "rev": "2c7f3c0fb7c08a0814627611d9d7d45ab6d75335",
        "type": "github"
      },
      "original": {
        "owner": "nixos",
        "ref": "nixos-unstable",
        "repo": "nixpkgs",
        "type": "github"
      }
    },
    "nixpkgs_2": {
      "locked": {
        "lastModified": 1702346276,
        "narHash": "sha256-eAQgwIWApFQ40ipeOjVSoK4TEHVd6nbSd9fApiHIw5A=",
        "owner": "NixOS",
        "repo": "nixpkgs",
        "rev": "cf28ee258fd5f9a52de6b9865cdb93a1f96d09b7",
        "type": "github"
      },
      "original": {
        "owner": "NixOS",
        "ref": "nixos-23.11",
        "repo": "nixpkgs",
        "type": "github"
      }
    },
    "nur": {
      "locked": {
        "lastModified": 1702783718,
        "narHash": "sha256-ziKSe5All0C4hzr4B97SVmyTjkhUSUPJzCSXdr8BfKU=",
        "owner": "nix-community",
        "repo": "NUR",
        "rev": "2c0a9d26046635c891bb4a435f78297e9a5434ae",
        "type": "github"
      },
      "original": {
        "owner": "nix-community",
        "repo": "NUR",
        "type": "github"
      }
    },
    "root": {
      "inputs": {
        "astroNvim": "astroNvim",
        "disko": "disko",
        "fenix": "fenix",
        "home-manager": "home-manager",
        "nix-alien": "nix-alien",
        "nixpkgs": "nixpkgs_2",
        "nur": "nur",
        "unstable": "unstable"
      }
    },
    "rust-analyzer-src": {
      "flake": false,
      "locked": {
        "lastModified": 1702654920,
        "narHash": "sha256-Kvym2mv/f4duzYJLL+HBOTHkr8GbqCc3bDtuBN9TSvQ=",
        "owner": "rust-lang",
        "repo": "rust-analyzer",
        "rev": "21b06c1beb9bb59369ffd652f5d617bcf6952e05",
        "type": "github"
      },
      "original": {
        "owner": "rust-lang",
        "ref": "nightly",
        "repo": "rust-analyzer",
        "type": "github"
      }
    },
    "systems": {
      "locked": {
        "lastModified": 1681028828,
        "narHash": "sha256-Vy1rq5AaRuLzOxct8nz4T6wlgyUR7zLU309k9mBC768=",
        "owner": "nix-systems",
        "repo": "default",
        "rev": "da67096a3b9bf56a91d16901293e51ba5b49a27e",
        "type": "github"
      },
      "original": {
        "owner": "nix-systems",
        "repo": "default",
        "type": "github"
      }
    },
    "unstable": {
      "locked": {
        "lastModified": 1702312524,
        "narHash": "sha256-gkZJRDBUCpTPBvQk25G0B7vfbpEYM5s5OZqghkjZsnE=",
        "owner": "NixOS",
        "repo": "nixpkgs",
        "rev": "a9bf124c46ef298113270b1f84a164865987a91c",
        "type": "github"
      },
      "original": {
        "owner": "NixOS",
        "ref": "nixos-unstable",
        "repo": "nixpkgs",
        "type": "github"
      }
    }
  },
  "root": "root",
  "version": 7
}
